
Microsoft Visual Studio Solution File, Format Version 12.00
# Visual Studio Version 17
VisualStudioVersion = 17.12.35209.166
MinimumVisualStudioVersion = 10.0.40219.1
Project("{FAE04EC0-301F-11D3-BF4B-00C04F79EFBC}") = "Cource1", "Cource1.csproj", "{D3C524C3-B8BC-426C-AE80-955826F10304}"
EndProject
Global
	GlobalSection(SolutionConfigurationPlatforms) = preSolution
		Debug|Any CPU = Debug|Any CPU
		Release|Any CPU = Release|Any CPU
	EndGlobalSection
	GlobalSection(ProjectConfigurationPlatforms) = postSolution
		{D3C524C3-B8BC-426C-AE80-955826F10304}.Debug|Any CPU.ActiveCfg = Debug|Any CPU
		{D3C524C3-B8BC-426C-AE80-955826F10304}.Debug|Any CPU.Build.0 = Debug|Any CPU
		{D3C524C3-B8BC-426C-AE80-955826F10304}.Release|Any CPU.ActiveCfg = Release|Any CPU
		{D3C524C3-B8BC-426C-AE80-955826F10304}.Release|Any CPU.Build.0 = Release|Any CPU
	EndGlobalSection
	GlobalSection(SolutionProperties) = preSolution
		HideSolutionNode = FALSE
	EndGlobalSection
	GlobalSection(ExtensibilityGlobals) = postSolution
		SolutionGuid = {79C0B388-6483-45CE-9D33-4A6530150EDB}
	EndGlobalSection
EndGlobal
